
Microsoft Visual Studio Solution File, Format Version 12.00
# Visual Studio Version 17
VisualStudioVersion = 17.7.34018.315
MinimumVisualStudioVersion = 10.0.40219.1
Project("{FAE04EC0-301F-11D3-BF4B-00C04F79EFBC}") = "ECommerce.DAL", "ECommerce.DAL\ECommerce.DAL.csproj", "{B507FB95-8DE8-449E-B1BA-B3B6D76A8D46}"
EndProject
Project("{FAE04EC0-301F-11D3-BF4B-00C04F79EFBC}") = "ECommerce.Model", "ECommerce.Model\ECommerce.Model.csproj", "{C482FD42-7CB7-4ED2-BB97-03BE214A9571}"
EndProject
Project("{FAE04EC0-301F-11D3-BF4B-00C04F79EFBC}") = "ECommerce.Web", "ECommerce.Web\ECommerce.Web.csproj", "{9415DE25-DA56-4CC3-916B-2D0ADE1CC4F0}"
EndProject
Global
	GlobalSection(SolutionConfigurationPlatforms) = preSolution
		Debug|Any CPU = Debug|Any CPU
		Release|Any CPU = Release|Any CPU
	EndGlobalSection
	GlobalSection(ProjectConfigurationPlatforms) = postSolution
		{B507FB95-8DE8-449E-B1BA-B3B6D76A8D46}.Debug|Any CPU.ActiveCfg = Debug|Any CPU
		{B507FB95-8DE8-449E-B1BA-B3B6D76A8D46}.Debug|Any CPU.Build.0 = Debug|Any CPU
		{B507FB95-8DE8-449E-B1BA-B3B6D76A8D46}.Release|Any CPU.ActiveCfg = Release|Any CPU
		{B507FB95-8DE8-449E-B1BA-B3B6D76A8D46}.Release|Any CPU.Build.0 = Release|Any CPU
		{C482FD42-7CB7-4ED2-BB97-03BE214A9571}.Debug|Any CPU.ActiveCfg = Debug|Any CPU
		{C482FD42-7CB7-4ED2-BB97-03BE214A9571}.Debug|Any CPU.Build.0 = Debug|Any CPU
		{C482FD42-7CB7-4ED2-BB97-03BE214A9571}.Release|Any CPU.ActiveCfg = Release|Any CPU
		{C482FD42-7CB7-4ED2-BB97-03BE214A9571}.Release|Any CPU.Build.0 = Release|Any CPU
		{9415DE25-DA56-4CC3-916B-2D0ADE1CC4F0}.Debug|Any CPU.ActiveCfg = Debug|Any CPU
		{9415DE25-DA56-4CC3-916B-2D0ADE1CC4F0}.Debug|Any CPU.Build.0 = Debug|Any CPU
		{9415DE25-DA56-4CC3-916B-2D0ADE1CC4F0}.Release|Any CPU.ActiveCfg = Release|Any CPU
		{9415DE25-DA56-4CC3-916B-2D0ADE1CC4F0}.Release|Any CPU.Build.0 = Release|Any CPU
	EndGlobalSection
	GlobalSection(SolutionProperties) = preSolution
		HideSolutionNode = FALSE
	EndGlobalSection
	GlobalSection(ExtensibilityGlobals) = postSolution
		SolutionGuid = {17B6A20A-402C-4754-BAB1-DD0680765EF0}
	EndGlobalSection
EndGlobal
